
Microsoft Visual Studio Solution File, Format Version 12.00
# Visual Studio Version 17
VisualStudioVersion = 17.2.32519.379
MinimumVisualStudioVersion = 10.0.40219.1
Project("{9A19103F-16F7-4668-BE54-9A1E7A4F7556}") = "WidraSoft.UI", "WidraSoft.UI\WidraSoft.UI.csproj", "{676D8C98-FD22-4AA4-B66F-21C8F8F271A1}"
EndProject
Project("{9A19103F-16F7-4668-BE54-9A1E7A4F7556}") = "WidraSoft.BL", "WidraSoft.BL\WidraSoft.BL.csproj", "{5856E64D-328A-453F-96D9-A9497E415ED8}"
EndProject
Project("{9A19103F-16F7-4668-BE54-9A1E7A4F7556}") = "WidraSoft.DA", "WidraSoft.DA\WidraSoft.DA.csproj", "{B1869CE8-2968-4507-B873-00F485734B97}"
EndProject
Project("{9A19103F-16F7-4668-BE54-9A1E7A4F7556}") = "WidraSoft.WebUI", "WidraSoft.WebUI\WidraSoft.WebUI.csproj", "{2CBA27A4-1AA0-4506-9960-C52CAAF7DEB9}"
EndProject
Project("{FAE04EC0-301F-11D3-BF4B-00C04F79EFBC}") = "NetSDKCS", "..\NetSDKCS\NetSDKCS.csproj", "{60CFBA25-F7CE-4140-A7E3-5355A25198E5}"
EndProject
Global
	GlobalSection(SolutionConfigurationPlatforms) = preSolution
		Debug|Any CPU = Debug|Any CPU
		Debug|x64 = Debug|x64
		Debug|x86 = Debug|x86
		Release|Any CPU = Release|Any CPU
		Release|x64 = Release|x64
		Release|x86 = Release|x86
	EndGlobalSection
	GlobalSection(ProjectConfigurationPlatforms) = postSolution
		{676D8C98-FD22-4AA4-B66F-21C8F8F271A1}.Debug|Any CPU.ActiveCfg = Debug|Any CPU
		{676D8C98-FD22-4AA4-B66F-21C8F8F271A1}.Debug|Any CPU.Build.0 = Debug|Any CPU
		{676D8C98-FD22-4AA4-B66F-21C8F8F271A1}.Debug|x64.ActiveCfg = Debug|Any CPU
		{676D8C98-FD22-4AA4-B66F-21C8F8F271A1}.Debug|x64.Build.0 = Debug|Any CPU
		{676D8C98-FD22-4AA4-B66F-21C8F8F271A1}.Debug|x86.ActiveCfg = Debug|Any CPU
		{676D8C98-FD22-4AA4-B66F-21C8F8F271A1}.Debug|x86.Build.0 = Debug|Any CPU
		{676D8C98-FD22-4AA4-B66F-21C8F8F271A1}.Release|Any CPU.ActiveCfg = Release|Any CPU
		{676D8C98-FD22-4AA4-B66F-21C8F8F271A1}.Release|Any CPU.Build.0 = Release|Any CPU
		{676D8C98-FD22-4AA4-B66F-21C8F8F271A1}.Release|x64.ActiveCfg = Release|Any CPU
		{676D8C98-FD22-4AA4-B66F-21C8F8F271A1}.Release|x64.Build.0 = Release|Any CPU
		{676D8C98-FD22-4AA4-B66F-21C8F8F271A1}.Release|x86.ActiveCfg = Release|Any CPU
		{676D8C98-FD22-4AA4-B66F-21C8F8F271A1}.Release|x86.Build.0 = Release|Any CPU
		{5856E64D-328A-453F-96D9-A9497E415ED8}.Debug|Any CPU.ActiveCfg = Debug|Any CPU
		{5856E64D-328A-453F-96D9-A9497E415ED8}.Debug|Any CPU.Build.0 = Debug|Any CPU
		{5856E64D-328A-453F-96D9-A9497E415ED8}.Debug|x64.ActiveCfg = Debug|Any CPU
		{5856E64D-328A-453F-96D9-A9497E415ED8}.Debug|x64.Build.0 = Debug|Any CPU
		{5856E64D-328A-453F-96D9-A9497E415ED8}.Debug|x86.ActiveCfg = Debug|Any CPU
		{5856E64D-328A-453F-96D9-A9497E415ED8}.Debug|x86.Build.0 = Debug|Any CPU
		{5856E64D-328A-453F-96D9-A9497E415ED8}.Release|Any CPU.ActiveCfg = Release|Any CPU
		{5856E64D-328A-453F-96D9-A9497E415ED8}.Release|Any CPU.Build.0 = Release|Any CPU
		{5856E64D-328A-453F-96D9-A9497E415ED8}.Release|x64.ActiveCfg = Release|Any CPU
		{5856E64D-328A-453F-96D9-A9497E415ED8}.Release|x64.Build.0 = Release|Any CPU
		{5856E64D-328A-453F-96D9-A9497E415ED8}.Release|x86.ActiveCfg = Release|Any CPU
		{5856E64D-328A-453F-96D9-A9497E415ED8}.Release|x86.Build.0 = Release|Any CPU
		{B1869CE8-2968-4507-B873-00F485734B97}.Debug|Any CPU.ActiveCfg = Debug|Any CPU
		{B1869CE8-2968-4507-B873-00F485734B97}.Debug|Any CPU.Build.0 = Debug|Any CPU
		{B1869CE8-2968-4507-B873-00F485734B97}.Debug|x64.ActiveCfg = Debug|Any CPU
		{B1869CE8-2968-4507-B873-00F485734B97}.Debug|x64.Build.0 = Debug|Any CPU
		{B1869CE8-2968-4507-B873-00F485734B97}.Debug|x86.ActiveCfg = Debug|Any CPU
		{B1869CE8-2968-4507-B873-00F485734B97}.Debug|x86.Build.0 = Debug|Any CPU
		{B1869CE8-2968-4507-B873-00F485734B97}.Release|Any CPU.ActiveCfg = Release|Any CPU
		{B1869CE8-2968-4507-B873-00F485734B97}.Release|Any CPU.Build.0 = Release|Any CPU
		{B1869CE8-2968-4507-B873-00F485734B97}.Release|x64.ActiveCfg = Release|Any CPU
		{B1869CE8-2968-4507-B873-00F485734B97}.Release|x64.Build.0 = Release|Any CPU
		{B1869CE8-2968-4507-B873-00F485734B97}.Release|x86.ActiveCfg = Release|Any CPU
		{B1869CE8-2968-4507-B873-00F485734B97}.Release|x86.Build.0 = Release|Any CPU
		{2CBA27A4-1AA0-4506-9960-C52CAAF7DEB9}.Debug|Any CPU.ActiveCfg = Debug|Any CPU
		{2CBA27A4-1AA0-4506-9960-C52CAAF7DEB9}.Debug|Any CPU.Build.0 = Debug|Any CPU
		{2CBA27A4-1AA0-4506-9960-C52CAAF7DEB9}.Debug|x64.ActiveCfg = Debug|Any CPU
		{2CBA27A4-1AA0-4506-9960-C52CAAF7DEB9}.Debug|x64.Build.0 = Debug|Any CPU
		{2CBA27A4-1AA0-4506-9960-C52CAAF7DEB9}.Debug|x86.ActiveCfg = Debug|Any CPU
		{2CBA27A4-1AA0-4506-9960-C52CAAF7DEB9}.Debug|x86.Build.0 = Debug|Any CPU
		{2CBA27A4-1AA0-4506-9960-C52CAAF7DEB9}.Release|Any CPU.ActiveCfg = Release|Any CPU
		{2CBA27A4-1AA0-4506-9960-C52CAAF7DEB9}.Release|Any CPU.Build.0 = Release|Any CPU
		{2CBA27A4-1AA0-4506-9960-C52CAAF7DEB9}.Release|x64.ActiveCfg = Release|Any CPU
		{2CBA27A4-1AA0-4506-9960-C52CAAF7DEB9}.Release|x64.Build.0 = Release|Any CPU
		{2CBA27A4-1AA0-4506-9960-C52CAAF7DEB9}.Release|x86.ActiveCfg = Release|Any CPU
		{2CBA27A4-1AA0-4506-9960-C52CAAF7DEB9}.Release|x86.Build.0 = Release|Any CPU
		{60CFBA25-F7CE-4140-A7E3-5355A25198E5}.Debug|Any CPU.ActiveCfg = Debug|x64
		{60CFBA25-F7CE-4140-A7E3-5355A25198E5}.Debug|Any CPU.Build.0 = Debug|x64
		{60CFBA25-F7CE-4140-A7E3-5355A25198E5}.Debug|x64.ActiveCfg = Debug|x64
		{60CFBA25-F7CE-4140-A7E3-5355A25198E5}.Debug|x64.Build.0 = Debug|x64
		{60CFBA25-F7CE-4140-A7E3-5355A25198E5}.Debug|x86.ActiveCfg = Debug|x86
		{60CFBA25-F7CE-4140-A7E3-5355A25198E5}.Debug|x86.Build.0 = Debug|x86
		{60CFBA25-F7CE-4140-A7E3-5355A25198E5}.Release|Any CPU.ActiveCfg = Release|x64
		{60CFBA25-F7CE-4140-A7E3-5355A25198E5}.Release|Any CPU.Build.0 = Release|x64
		{60CFBA25-F7CE-4140-A7E3-5355A25198E5}.Release|x64.ActiveCfg = Release|x64
		{60CFBA25-F7CE-4140-A7E3-5355A25198E5}.Release|x64.Build.0 = Release|x64
		{60CFBA25-F7CE-4140-A7E3-5355A25198E5}.Release|x86.ActiveCfg = Release|x86
		{60CFBA25-F7CE-4140-A7E3-5355A25198E5}.Release|x86.Build.0 = Release|x86
	EndGlobalSection
	GlobalSection(SolutionProperties) = preSolution
		HideSolutionNode = FALSE
	EndGlobalSection
	GlobalSection(ExtensibilityGlobals) = postSolution
		SolutionGuid = {E21110DA-10BC-4C13-BED7-C906A623E4B9}
	EndGlobalSection
EndGlobal
